
Microsoft Visual Studio Solution File, Format Version 12.00
# Visual Studio Version 16
VisualStudioVersion = 16.0.31424.327
MinimumVisualStudioVersion = 10.0.40219.1
Project("{9A19103F-16F7-4668-BE54-9A1E7A4F7556}") = "WpfLightProject", "WpfLightProject\WpfLightProject.csproj", "{59FD4513-0A68-407E-99ED-B9D6E600BA6A}"
EndProject
Project("{FAE04EC0-301F-11D3-BF4B-00C04F79EFBC}") = "WpfLightProject.Test", "WpfLightProject.Test\WpfLightProject.Test.csproj", "{4D78F970-685D-4A4A-92E8-4D61D395FA55}"
EndProject
Global
	GlobalSection(SolutionConfigurationPlatforms) = preSolution
		Debug|Any CPU = Debug|Any CPU
		Release|Any CPU = Release|Any CPU
	EndGlobalSection
	GlobalSection(ProjectConfigurationPlatforms) = postSolution
		{59FD4513-0A68-407E-99ED-B9D6E600BA6A}.Debug|Any CPU.ActiveCfg = Debug|Any CPU
		{59FD4513-0A68-407E-99ED-B9D6E600BA6A}.Debug|Any CPU.Build.0 = Debug|Any CPU
		{59FD4513-0A68-407E-99ED-B9D6E600BA6A}.Release|Any CPU.ActiveCfg = Release|Any CPU
		{59FD4513-0A68-407E-99ED-B9D6E600BA6A}.Release|Any CPU.Build.0 = Release|Any CPU
		{4D78F970-685D-4A4A-92E8-4D61D395FA55}.Debug|Any CPU.ActiveCfg = Debug|Any CPU
		{4D78F970-685D-4A4A-92E8-4D61D395FA55}.Debug|Any CPU.Build.0 = Debug|Any CPU
		{4D78F970-685D-4A4A-92E8-4D61D395FA55}.Release|Any CPU.ActiveCfg = Release|Any CPU
		{4D78F970-685D-4A4A-92E8-4D61D395FA55}.Release|Any CPU.Build.0 = Release|Any CPU
	EndGlobalSection
	GlobalSection(SolutionProperties) = preSolution
		HideSolutionNode = FALSE
	EndGlobalSection
	GlobalSection(ExtensibilityGlobals) = postSolution
		SolutionGuid = {1DAD954F-6F49-4D72-B7C2-4CD7959B00D1}
	EndGlobalSection
EndGlobal
